
Microsoft Visual Studio Solution File, Format Version 12.00
Project("{FAE04EC0-301F-11D3-BF4B-00C04F79EFBC}") = "Client", "Client\Client.csproj", "{50151BBD-4B5C-42FF-A0F3-8D34109E9240}"
EndProject
Project("{FAE04EC0-301F-11D3-BF4B-00C04F79EFBC}") = "Server", "Server\Server.csproj", "{B81C9826-7292-405F-8C24-EBB17250B786}"
EndProject
Global
	GlobalSection(SolutionConfigurationPlatforms) = preSolution
		Debug|Any CPU = Debug|Any CPU
		Release|Any CPU = Release|Any CPU
	EndGlobalSection
	GlobalSection(ProjectConfigurationPlatforms) = postSolution
		{50151BBD-4B5C-42FF-A0F3-8D34109E9240}.Debug|Any CPU.ActiveCfg = Debug|Any CPU
		{50151BBD-4B5C-42FF-A0F3-8D34109E9240}.Debug|Any CPU.Build.0 = Debug|Any CPU
		{50151BBD-4B5C-42FF-A0F3-8D34109E9240}.Release|Any CPU.ActiveCfg = Release|Any CPU
		{50151BBD-4B5C-42FF-A0F3-8D34109E9240}.Release|Any CPU.Build.0 = Release|Any CPU
		{B81C9826-7292-405F-8C24-EBB17250B786}.Debug|Any CPU.ActiveCfg = Debug|Any CPU
		{B81C9826-7292-405F-8C24-EBB17250B786}.Debug|Any CPU.Build.0 = Debug|Any CPU
		{B81C9826-7292-405F-8C24-EBB17250B786}.Release|Any CPU.ActiveCfg = Release|Any CPU
		{B81C9826-7292-405F-8C24-EBB17250B786}.Release|Any CPU.Build.0 = Release|Any CPU
	EndGlobalSection
EndGlobal
